
Microsoft Visual Studio Solution File, Format Version 12.00
# Visual Studio Version 17
VisualStudioVersion = 17.14.37614.0
MinimumVisualStudioVersion = 10.0.40219.1
Project("{FAE04EC0-301F-11D3-BF4B-00C04F79EFBC}") = "Tyuiu.Smirnova.YV.Sprint1.Task4.V6", "Tyuiu.Smirnova.YV.Sprint1.Task4.V6.csproj", "{4767F8B4-AA57-70C3-716D-776775AF4A92}"
EndProject
Project("{FAE04EC0-301F-11D3-BF4B-00C04F79EFBC}") = "Tyuiu.SmirnovaYV.Sprint1.Task4.V6.Lib", "..\Tyuiu.SmirnovaYV.Sprint1.Task4.V6.Lib\Tyuiu.SmirnovaYV.Sprint1.Task4.V6.Lib.csproj", "{8340F866-1F28-B869-80D5-C1771BEC224B}"
EndProject
Project("{2150E333-8FDC-42A3-9474-1A3956D46DE8}") = "Task0", "Task0", "{02EA681E-C7D8-13C7-8484-4AC65E1B71E8}"
EndProject
Project("{2150E333-8FDC-42A3-9474-1A3956D46DE8}") = "Task1", "Task1", "{031E86A9-8E2B-4786-9626-245A6C7F6AA9}"
EndProject
Project("{2150E333-8FDC-42A3-9474-1A3956D46DE8}") = "Task2", "Task2", "{8636288B-A2E3-478A-B162-F993C9E7738E}"
EndProject
Project("{2150E333-8FDC-42A3-9474-1A3956D46DE8}") = "Task3", "Task3", "{74DB33F9-1F4C-4C65-8E98-0C084247208B}"
EndProject
Project("{2150E333-8FDC-42A3-9474-1A3956D46DE8}") = "Task4", "Task4", "{B91564A7-D1E0-46E9-969D-E4E746A85AC2}"
EndProject
Project("{FAE04EC0-301F-11D3-BF4B-00C04F79EFBC}") = "Tyuiu.SmirnovaYV.Sprint1.Task4.V6.Test", "..\Tyuiu.SmirnovaYV.Sprint1.Task4.V6.Test\Tyuiu.SmirnovaYV.Sprint1.Task4.V6.Test.csproj", "{E6032C26-350F-514D-CA8B-AB7A4BFD6D92}"
EndProject
Project("{FAE04EC0-301F-11D3-BF4B-00C04F79EFBC}") = "Tyuiu.SmirnovaYV.Sprint1.Task3.V6", "..\Tyuiu.SmirnovaYV.Sprint1.Task3.V6\Tyuiu.SmirnovaYV.Sprint1.Task3.V6.csproj", "{1A0E6B3C-28B9-A3FA-BFF6-F8977F8669CF}"
EndProject
Project("{FAE04EC0-301F-11D3-BF4B-00C04F79EFBC}") = "Tyuiu.SmirnovaYV.Sprint1.Task3.V6.Lib", "..\Tyuiu.SmirnovaYV.Sprint1.Task3.V6.Lib\Tyuiu.SmirnovaYV.Sprint1.Task3.V6.Lib.csproj", "{D19DF750-4C93-4321-EB2B-6F0386FB5D99}"
EndProject
Project("{FAE04EC0-301F-11D3-BF4B-00C04F79EFBC}") = "Tyuiu.SmirnovaYV.Sprint1.Task3.V6.Test", "..\Tyuiu.SmirnovaYV.Sprint1.Task3.V6.Test\Tyuiu.SmirnovaYV.Sprint1.Task3.V6.Test.csproj", "{1CA087CC-40E0-E8AD-F6F7-C7BCA646F7D3}"
EndProject
Project("{FAE04EC0-301F-11D3-BF4B-00C04F79EFBC}") = "Tyuiu.SmirnovaYV.Sprint1.Task2.V8", "..\Tyuiu.SmirnovaYV.Sprint1.Task2.V8\Tyuiu.SmirnovaYV.Sprint1.Task2.V8.csproj", "{39C02904-2895-DCF5-E761-AB15BFDCFC10}"
EndProject
Project("{FAE04EC0-301F-11D3-BF4B-00C04F79EFBC}") = "Tyuiu.SmirnovaYV.Sprint1.Task2.V8.Lib", "..\Tyuiu.SmirnovaYV.Sprint1.Task2.V8.Lib\Tyuiu.SmirnovaYV.Sprint1.Task2.V8.Lib.csproj", "{A4E8C04C-833B-1FDA-74DB-95F21556A9A0}"
EndProject
Project("{FAE04EC0-301F-11D3-BF4B-00C04F79EFBC}") = "Tyuiu.SmirnovaYV.Sprint1.Task2.V8.Test", "..\Tyuiu.SmirnovaYV.Sprint1.Task2.V8.Test\Tyuiu.SmirnovaYV.Sprint1.Task2.V8.Test.csproj", "{825B3DE9-0931-34DE-15B4-F72C39A6D94F}"
EndProject
Project("{FAE04EC0-301F-11D3-BF4B-00C04F79EFBC}") = "Tyuiu.SmirnovaYV.Sprint1.Task1.V20", "..\Tyuiu.SmirnovaYV.Sprint1.Task1.V20\Tyuiu.SmirnovaYV.Sprint1.Task1.V20.csproj", "{E5532574-E209-A945-4032-740D31806141}"
EndProject
Project("{FAE04EC0-301F-11D3-BF4B-00C04F79EFBC}") = "Tyuiu.SmirnovaYV.Sprint1.Task1.V20.Lib", "..\Tyuiu.SmirnovaYV.Sprint1.Task1.V20.Lib\Tyuiu.SmirnovaYV.Sprint1.Task1.V20.Lib.csproj", "{4E8BEC0C-0031-3E6F-A196-568DD5E10C1F}"
EndProject
Project("{FAE04EC0-301F-11D3-BF4B-00C04F79EFBC}") = "Tyuiu.SmirnovaYV.Sprint1.Task1.V20.Test", "..\Tyuiu.SmirnovaYV.Sprint1.Task1.V20.Test\Tyuiu.SmirnovaYV.Sprint1.Task1.V20.Test.csproj", "{96B19182-A196-A87E-F604-7D027E0644AC}"
EndProject
Project("{FAE04EC0-301F-11D3-BF4B-00C04F79EFBC}") = "Tyuiu.SmirnovaYV.Sprint1.Task0.V16", "..\Tyuiu.SmirnovaYV.Sprint1.Task0.V16\Tyuiu.SmirnovaYV.Sprint1.Task0.V16.csproj", "{A9270F0C-9497-62CA-1046-CA5AF58B8B19}"
EndProject
Project("{FAE04EC0-301F-11D3-BF4B-00C04F79EFBC}") = "Tyuiu.SmirnovaYV.Sprint1.Task0.V16.Lib", "..\Tyuiu.SmirnovaYV.Sprint1.Task0.V16.Lib\Tyuiu.SmirnovaYV.Sprint1.Task0.V16.Lib.csproj", "{A93A0D15-F4D4-F7E8-9EDE-CE77C9FC162D}"
EndProject
Project("{FAE04EC0-301F-11D3-BF4B-00C04F79EFBC}") = "Tyuiu.SmirnovaYV.Sprint1.Task0.V16.Test", "..\Tyuiu.SmirnovaYV.Sprint1.Task0.V16.Test\Tyuiu.SmirnovaYV.Sprint1.Task0.V16.Test.csproj", "{DA1F610F-F920-71F1-FB58-2B73C953AE46}"
EndProject
Project("{2150E333-8FDC-42A3-9474-1A3956D46DE8}") = "Task5", "Task5", "{D7DD138D-4354-435E-A74E-10AE299406EB}"
EndProject
Project("{FAE04EC0-301F-11D3-BF4B-00C04F79EFBC}") = "Tyuiu.SmirnovaYV.Sprint1.Task5.V4", "..\Tyuiu.SmirnovaYV.Sprint1.Task5.V4\Tyuiu.SmirnovaYV.Sprint1.Task5.V4.csproj", "{A8FC6DAA-F10E-4433-803E-75AA8BBD33A2}"
EndProject
Project("{FAE04EC0-301F-11D3-BF4B-00C04F79EFBC}") = "Tyuiu.SmirnovaYV.Sprint1.Task5.V4.Lib", "..\Tyuiu.SmirnovaYV.Sprint1.Task5.V4.Lib\Tyuiu.SmirnovaYV.Sprint1.Task5.V4.Lib.csproj", "{2F1847D8-53CA-4FA5-A942-A62AFAA2396A}"
EndProject
Project("{FAE04EC0-301F-11D3-BF4B-00C04F79EFBC}") = "Tyuiu.SmirnovaYV.Sprint1.Task5.V4.Test", "..\Tyuiu.SmirnovaYV.Sprint1.Task5.V4.Test\Tyuiu.SmirnovaYV.Sprint1.Task5.V4.Test.csproj", "{0F241A15-6F0A-462F-BB3A-39396107C629}"
EndProject
Project("{2150E333-8FDC-42A3-9474-1A3956D46DE8}") = "Task6", "Task6", "{FAE8128B-DC40-41AC-AB0B-0C39352750C3}"
EndProject
Project("{FAE04EC0-301F-11D3-BF4B-00C04F79EFBC}") = "Tyuiu.SmirnovaYV.Sprint1.Task6.V5", "..\Tyuiu.SmirnovaYV.Sprint1.Task6.V5\Tyuiu.SmirnovaYV.Sprint1.Task6.V5.csproj", "{A613BFAC-18C0-46D8-96A9-BA840440EECE}"
EndProject
Project("{FAE04EC0-301F-11D3-BF4B-00C04F79EFBC}") = "Tyuiu.SmirnovaYV.Sprint1.Task6.V5.Lib", "..\Tyuiu.SmirnovaYV.Sprint1.Task6.V5.Lib\Tyuiu.SmirnovaYV.Sprint1.Task6.V5.Lib.csproj", "{98681283-D12D-4EF2-8D94-00BEE09A4E0B}"
EndProject
Project("{FAE04EC0-301F-11D3-BF4B-00C04F79EFBC}") = "Tyuiu.SmirnovaYV.Sprint1.Task6.V5.Test", "..\Tyuiu.SmirnovaYV.Sprint1.Task6.V5.Test\Tyuiu.SmirnovaYV.Sprint1.Task6.V5.Test.csproj", "{A7A8F6FD-DE93-4683-86CC-99DA36F26A98}"
EndProject
Project("{2150E333-8FDC-42A3-9474-1A3956D46DE8}") = "Task7", "Task7", "{B4931493-D9DD-47B3-AECA-AA4069DF9880}"
EndProject
Project("{FAE04EC0-301F-11D3-BF4B-00C04F79EFBC}") = "Tyuiu.SmirnovaYV.Sprint1.Task7.V16", "..\Tyuiu.SmirnovaYV.Sprint1.Task7.V16\Tyuiu.SmirnovaYV.Sprint1.Task7.V16.csproj", "{28C5F587-E131-47CE-AC9C-5B63C4EA9060}"
EndProject
Project("{FAE04EC0-301F-11D3-BF4B-00C04F79EFBC}") = "Tyuiu.SmirnovaYV.Sprint1.Task7.V16.Lib", "..\Tyuiu.SmirnovaYV.Sprint1.Task7.V16.Lib\Tyuiu.SmirnovaYV.Sprint1.Task7.V16.Lib.csproj", "{9E06335B-454E-454C-A025-0DE7F9E54230}"
EndProject
Project("{FAE04EC0-301F-11D3-BF4B-00C04F79EFBC}") = "Tyuiu.SmirnovaYV.Sprint1.Task7.V16.Test", "..\Tyuiu.SmirnovaYV.Sprint1.Task7.V16.Test\Tyuiu.SmirnovaYV.Sprint1.Task7.V16.Test.csproj", "{ECD99BB5-73FC-4345-8D06-DE0C4267689E}"
EndProject
Global
	GlobalSection(SolutionConfigurationPlatforms) = preSolution
		Debug|Any CPU = Debug|Any CPU
		Release|Any CPU = Release|Any CPU
	EndGlobalSection
	GlobalSection(ProjectConfigurationPlatforms) = postSolution
		{4767F8B4-AA57-70C3-716D-776775AF4A92}.Debug|Any CPU.ActiveCfg = Debug|Any CPU
		{4767F8B4-AA57-70C3-716D-776775AF4A92}.Debug|Any CPU.Build.0 = Debug|Any CPU
		{4767F8B4-AA57-70C3-716D-776775AF4A92}.Release|Any CPU.ActiveCfg = Release|Any CPU
		{4767F8B4-AA57-70C3-716D-776775AF4A92}.Release|Any CPU.Build.0 = Release|Any CPU
		{8340F866-1F28-B869-80D5-C1771BEC224B}.Debug|Any CPU.ActiveCfg = Debug|Any CPU
		{8340F866-1F28-B869-80D5-C1771BEC224B}.Debug|Any CPU.Build.0 = Debug|Any CPU
		{8340F866-1F28-B869-80D5-C1771BEC224B}.Release|Any CPU.ActiveCfg = Release|Any CPU
		{8340F866-1F28-B869-80D5-C1771BEC224B}.Release|Any CPU.Build.0 = Release|Any CPU
		{E6032C26-350F-514D-CA8B-AB7A4BFD6D92}.Debug|Any CPU.ActiveCfg = Debug|Any CPU
		{E6032C26-350F-514D-CA8B-AB7A4BFD6D92}.Debug|Any CPU.Build.0 = Debug|Any CPU
		{E6032C26-350F-514D-CA8B-AB7A4BFD6D92}.Release|Any CPU.ActiveCfg = Release|Any CPU
		{E6032C26-350F-514D-CA8B-AB7A4BFD6D92}.Release|Any CPU.Build.0 = Release|Any CPU
		{1A0E6B3C-28B9-A3FA-BFF6-F8977F8669CF}.Debug|Any CPU.ActiveCfg = Debug|Any CPU
		{1A0E6B3C-28B9-A3FA-BFF6-F8977F8669CF}.Debug|Any CPU.Build.0 = Debug|Any CPU
		{1A0E6B3C-28B9-A3FA-BFF6-F8977F8669CF}.Release|Any CPU.ActiveCfg = Release|Any CPU
		{1A0E6B3C-28B9-A3FA-BFF6-F8977F8669CF}.Release|Any CPU.Build.0 = Release|Any CPU
		{D19DF750-4C93-4321-EB2B-6F0386FB5D99}.Debug|Any CPU.ActiveCfg = Debug|Any CPU
		{D19DF750-4C93-4321-EB2B-6F0386FB5D99}.Debug|Any CPU.Build.0 = Debug|Any CPU
		{D19DF750-4C93-4321-EB2B-6F0386FB5D99}.Release|Any CPU.ActiveCfg = Release|Any CPU
		{D19DF750-4C93-4321-EB2B-6F0386FB5D99}.Release|Any CPU.Build.0 = Release|Any CPU
		{1CA087CC-40E0-E8AD-F6F7-C7BCA646F7D3}.Debug|Any CPU.ActiveCfg = Debug|Any CPU
		{1CA087CC-40E0-E8AD-F6F7-C7BCA646F7D3}.Debug|Any CPU.Build.0 = Debug|Any CPU
		{1CA087CC-40E0-E8AD-F6F7-C7BCA646F7D3}.Release|Any CPU.ActiveCfg = Release|Any CPU
		{1CA087CC-40E0-E8AD-F6F7-C7BCA646F7D3}.Release|Any CPU.Build.0 = Release|Any CPU
		{39C02904-2895-DCF5-E761-AB15BFDCFC10}.Debug|Any CPU.ActiveCfg = Debug|Any CPU
		{39C02904-2895-DCF5-E761-AB15BFDCFC10}.Debug|Any CPU.Build.0 = Debug|Any CPU
		{39C02904-2895-DCF5-E761-AB15BFDCFC10}.Release|Any CPU.ActiveCfg = Release|Any CPU
		{39C02904-2895-DCF5-E761-AB15BFDCFC10}.Release|Any CPU.Build.0 = Release|Any CPU
		{A4E8C04C-833B-1FDA-74DB-95F21556A9A0}.Debug|Any CPU.ActiveCfg = Debug|Any CPU
		{A4E8C04C-833B-1FDA-74DB-95F21556A9A0}.Debug|Any CPU.Build.0 = Debug|Any CPU
		{A4E8C04C-833B-1FDA-74DB-95F21556A9A0}.Release|Any CPU.ActiveCfg = Release|Any CPU
		{A4E8C04C-833B-1FDA-74DB-95F21556A9A0}.Release|Any CPU.Build.0 = Release|Any CPU
		{825B3DE9-0931-34DE-15B4-F72C39A6D94F}.Debug|Any CPU.ActiveCfg = Debug|Any CPU
		{825B3DE9-0931-34DE-15B4-F72C39A6D94F}.Debug|Any CPU.Build.0 = Debug|Any CPU
		{825B3DE9-0931-34DE-15B4-F72C39A6D94F}.Release|Any CPU.ActiveCfg = Release|Any CPU
		{825B3DE9-0931-34DE-15B4-F72C39A6D94F}.Release|Any CPU.Build.0 = Release|Any CPU
		{E5532574-E209-A945-4032-740D31806141}.Debug|Any CPU.ActiveCfg = Debug|Any CPU
		{E5532574-E209-A945-4032-740D31806141}.Debug|Any CPU.Build.0 = Debug|Any CPU
		{E5532574-E209-A945-4032-740D31806141}.Release|Any CPU.ActiveCfg = Release|Any CPU
		{E5532574-E209-A945-4032-740D31806141}.Release|Any CPU.Build.0 = Release|Any CPU
		{4E8BEC0C-0031-3E6F-A196-568DD5E10C1F}.Debug|Any CPU.ActiveCfg = Debug|Any CPU
		{4E8BEC0C-0031-3E6F-A196-568DD5E10C1F}.Debug|Any CPU.Build.0 = Debug|Any CPU
		{4E8BEC0C-0031-3E6F-A196-568DD5E10C1F}.Release|Any CPU.ActiveCfg = Release|Any CPU
		{4E8BEC0C-0031-3E6F-A196-568DD5E10C1F}.Release|Any CPU.Build.0 = Release|Any CPU
		{96B19182-A196-A87E-F604-7D027E0644AC}.Debug|Any CPU.ActiveCfg = Debug|Any CPU
		{96B19182-A196-A87E-F604-7D027E0644AC}.Debug|Any CPU.Build.0 = Debug|Any CPU
		{96B19182-A196-A87E-F604-7D027E0644AC}.Release|Any CPU.ActiveCfg = Release|Any CPU
		{96B19182-A196-A87E-F604-7D027E0644AC}.Release|Any CPU.Build.0 = Release|Any CPU
		{A9270F0C-9497-62CA-1046-CA5AF58B8B19}.Debug|Any CPU.ActiveCfg = Debug|Any CPU
		{A9270F0C-9497-62CA-1046-CA5AF58B8B19}.Debug|Any CPU.Build.0 = Debug|Any CPU
		{A9270F0C-9497-62CA-1046-CA5AF58B8B19}.Release|Any CPU.ActiveCfg = Release|Any CPU
		{A9270F0C-9497-62CA-1046-CA5AF58B8B19}.Release|Any CPU.Build.0 = Release|Any CPU
		{A93A0D15-F4D4-F7E8-9EDE-CE77C9FC162D}.Debug|Any CPU.ActiveCfg = Debug|Any CPU
		{A93A0D15-F4D4-F7E8-9EDE-CE77C9FC162D}.Debug|Any CPU.Build.0 = Debug|Any CPU
		{A93A0D15-F4D4-F7E8-9EDE-CE77C9FC162D}.Release|Any CPU.ActiveCfg = Release|Any CPU
		{A93A0D15-F4D4-F7E8-9EDE-CE77C9FC162D}.Release|Any CPU.Build.0 = Release|Any CPU
		{DA1F610F-F920-71F1-FB58-2B73C953AE46}.Debug|Any CPU.ActiveCfg = Debug|Any CPU
		{DA1F610F-F920-71F1-FB58-2B73C953AE46}.Debug|Any CPU.Build.0 = Debug|Any CPU
		{DA1F610F-F920-71F1-FB58-2B73C953AE46}.Release|Any CPU.ActiveCfg = Release|Any CPU
		{DA1F610F-F920-71F1-FB58-2B73C953AE46}.Release|Any CPU.Build.0 = Release|Any CPU
		{A8FC6DAA-F10E-4433-803E-75AA8BBD33A2}.Debug|Any CPU.ActiveCfg = Debug|Any CPU
		{A8FC6DAA-F10E-4433-803E-75AA8BBD33A2}.Debug|Any CPU.Build.0 = Debug|Any CPU
		{A8FC6DAA-F10E-4433-803E-75AA8BBD33A2}.Release|Any CPU.ActiveCfg = Release|Any CPU
		{A8FC6DAA-F10E-4433-803E-75AA8BBD33A2}.Release|Any CPU.Build.0 = Release|Any CPU
		{2F1847D8-53CA-4FA5-A942-A62AFAA2396A}.Debug|Any CPU.ActiveCfg = Debug|Any CPU
		{2F1847D8-53CA-4FA5-A942-A62AFAA2396A}.Debug|Any CPU.Build.0 = Debug|Any CPU
		{2F1847D8-53CA-4FA5-A942-A62AFAA2396A}.Release|Any CPU.ActiveCfg = Release|Any CPU
		{2F1847D8-53CA-4FA5-A942-A62AFAA2396A}.Release|Any CPU.Build.0 = Release|Any CPU
		{0F241A15-6F0A-462F-BB3A-39396107C629}.Debug|Any CPU.ActiveCfg = Debug|Any CPU
		{0F241A15-6F0A-462F-BB3A-39396107C629}.Debug|Any CPU.Build.0 = Debug|Any CPU
		{0F241A15-6F0A-462F-BB3A-39396107C629}.Release|Any CPU.ActiveCfg = Release|Any CPU
		{0F241A15-6F0A-462F-BB3A-39396107C629}.Release|Any CPU.Build.0 = Release|Any CPU
		{A613BFAC-18C0-46D8-96A9-BA840440EECE}.Debug|Any CPU.ActiveCfg = Debug|Any CPU
		{A613BFAC-18C0-46D8-96A9-BA840440EECE}.Debug|Any CPU.Build.0 = Debug|Any CPU
		{A613BFAC-18C0-46D8-96A9-BA840440EECE}.Release|Any CPU.ActiveCfg = Release|Any CPU
		{A613BFAC-18C0-46D8-96A9-BA840440EECE}.Release|Any CPU.Build.0 = Release|Any CPU
		{98681283-D12D-4EF2-8D94-00BEE09A4E0B}.Debug|Any CPU.ActiveCfg = Debug|Any CPU
		{98681283-D12D-4EF2-8D94-00BEE09A4E0B}.Debug|Any CPU.Build.0 = Debug|Any CPU
		{98681283-D12D-4EF2-8D94-00BEE09A4E0B}.Release|Any CPU.ActiveCfg = Release|Any CPU
		{98681283-D12D-4EF2-8D94-00BEE09A4E0B}.Release|Any CPU.Build.0 = Release|Any CPU
		{A7A8F6FD-DE93-4683-86CC-99DA36F26A98}.Debug|Any CPU.ActiveCfg = Debug|Any CPU
		{A7A8F6FD-DE93-4683-86CC-99DA36F26A98}.Debug|Any CPU.Build.0 = Debug|Any CPU
		{A7A8F6FD-DE93-4683-86CC-99DA36F26A98}.Release|Any CPU.ActiveCfg = Release|Any CPU
		{A7A8F6FD-DE93-4683-86CC-99DA36F26A98}.Release|Any CPU.Build.0 = Release|Any CPU
		{28C5F587-E131-47CE-AC9C-5B63C4EA9060}.Debug|Any CPU.ActiveCfg = Debug|Any CPU
		{28C5F587-E131-47CE-AC9C-5B63C4EA9060}.Debug|Any CPU.Build.0 = Debug|Any CPU
		{28C5F587-E131-47CE-AC9C-5B63C4EA9060}.Release|Any CPU.ActiveCfg = Release|Any CPU
		{28C5F587-E131-47CE-AC9C-5B63C4EA9060}.Release|Any CPU.Build.0 = Release|Any CPU
		{9E06335B-454E-454C-A025-0DE7F9E54230}.Debug|Any CPU.ActiveCfg = Debug|Any CPU
		{9E06335B-454E-454C-A025-0DE7F9E54230}.Debug|Any CPU.Build.0 = Debug|Any CPU
		{9E06335B-454E-454C-A025-0DE7F9E54230}.Release|Any CPU.ActiveCfg = Release|Any CPU
		{9E06335B-454E-454C-A025-0DE7F9E54230}.Release|Any CPU.Build.0 = Release|Any CPU
		{ECD99BB5-73FC-4345-8D06-DE0C4267689E}.Debug|Any CPU.ActiveCfg = Debug|Any CPU
		{ECD99BB5-73FC-4345-8D06-DE0C4267689E}.Debug|Any CPU.Build.0 = Debug|Any CPU
		{ECD99BB5-73FC-4345-8D06-DE0C4267689E}.Release|Any CPU.ActiveCfg = Release|Any CPU
		{ECD99BB5-73FC-4345-8D06-DE0C4267689E}.Release|Any CPU.Build.0 = Release|Any CPU
	EndGlobalSection
	GlobalSection(SolutionProperties) = preSolution
		HideSolutionNode = FALSE
	EndGlobalSection
	GlobalSection(NestedProjects) = preSolution
		{4767F8B4-AA57-70C3-716D-776775AF4A92} = {B91564A7-D1E0-46E9-969D-E4E746A85AC2}
		{8340F866-1F28-B869-80D5-C1771BEC224B} = {B91564A7-D1E0-46E9-969D-E4E746A85AC2}
		{E6032C26-350F-514D-CA8B-AB7A4BFD6D92} = {B91564A7-D1E0-46E9-969D-E4E746A85AC2}
		{1A0E6B3C-28B9-A3FA-BFF6-F8977F8669CF} = {74DB33F9-1F4C-4C65-8E98-0C084247208B}
		{D19DF750-4C93-4321-EB2B-6F0386FB5D99} = {74DB33F9-1F4C-4C65-8E98-0C084247208B}
		{1CA087CC-40E0-E8AD-F6F7-C7BCA646F7D3} = {74DB33F9-1F4C-4C65-8E98-0C084247208B}
		{39C02904-2895-DCF5-E761-AB15BFDCFC10} = {8636288B-A2E3-478A-B162-F993C9E7738E}
		{A4E8C04C-833B-1FDA-74DB-95F21556A9A0} = {8636288B-A2E3-478A-B162-F993C9E7738E}
		{825B3DE9-0931-34DE-15B4-F72C39A6D94F} = {8636288B-A2E3-478A-B162-F993C9E7738E}
		{E5532574-E209-A945-4032-740D31806141} = {031E86A9-8E2B-4786-9626-245A6C7F6AA9}
		{4E8BEC0C-0031-3E6F-A196-568DD5E10C1F} = {031E86A9-8E2B-4786-9626-245A6C7F6AA9}
		{96B19182-A196-A87E-F604-7D027E0644AC} = {031E86A9-8E2B-4786-9626-245A6C7F6AA9}
		{A9270F0C-9497-62CA-1046-CA5AF58B8B19} = {02EA681E-C7D8-13C7-8484-4AC65E1B71E8}
		{A93A0D15-F4D4-F7E8-9EDE-CE77C9FC162D} = {02EA681E-C7D8-13C7-8484-4AC65E1B71E8}
		{DA1F610F-F920-71F1-FB58-2B73C953AE46} = {02EA681E-C7D8-13C7-8484-4AC65E1B71E8}
		{A8FC6DAA-F10E-4433-803E-75AA8BBD33A2} = {D7DD138D-4354-435E-A74E-10AE299406EB}
		{2F1847D8-53CA-4FA5-A942-A62AFAA2396A} = {D7DD138D-4354-435E-A74E-10AE299406EB}
		{0F241A15-6F0A-462F-BB3A-39396107C629} = {D7DD138D-4354-435E-A74E-10AE299406EB}
		{A613BFAC-18C0-46D8-96A9-BA840440EECE} = {FAE8128B-DC40-41AC-AB0B-0C39352750C3}
		{98681283-D12D-4EF2-8D94-00BEE09A4E0B} = {FAE8128B-DC40-41AC-AB0B-0C39352750C3}
		{A7A8F6FD-DE93-4683-86CC-99DA36F26A98} = {FAE8128B-DC40-41AC-AB0B-0C39352750C3}
		{28C5F587-E131-47CE-AC9C-5B63C4EA9060} = {B4931493-D9DD-47B3-AECA-AA4069DF9880}
		{9E06335B-454E-454C-A025-0DE7F9E54230} = {B4931493-D9DD-47B3-AECA-AA4069DF9880}
		{ECD99BB5-73FC-4345-8D06-DE0C4267689E} = {B4931493-D9DD-47B3-AECA-AA4069DF9880}
	EndGlobalSection
	GlobalSection(ExtensibilityGlobals) = postSolution
		SolutionGuid = {78731552-2143-470F-A6DE-829185EC0516}
	EndGlobalSection
EndGlobal
