
Microsoft Visual Studio Solution File, Format Version 12.00
# Visual Studio Version 17
VisualStudioVersion = 17.14.37614.0
MinimumVisualStudioVersion = 10.0.40219.1
Project("{2150E333-8FDC-42A3-9474-1A3956D46DE8}") = "Task 0", "Task 0", "{02EA681E-C7D8-13C7-8484-4AC65E1B71E8}"
EndProject
Project("{FAE04EC0-301F-11D3-BF4B-00C04F79EFBC}") = "Tyuiu.SmirnovaYV.Sprint1.Task0.V16", "Tyuiu.SmirnovaYV.Sprint1.Task0.V16\Tyuiu.SmirnovaYV.Sprint1.Task0.V16.csproj", "{CE587CED-4585-427C-B830-714FBB0C3CB5}"
EndProject
Project("{FAE04EC0-301F-11D3-BF4B-00C04F79EFBC}") = "Tyuiu.SmirnovaYV.Sprint1.Task0.V16.Test", "Tyuiu.SmirnovaYV.Sprint1.Task0.V16.Test\Tyuiu.SmirnovaYV.Sprint1.Task0.V16.Test.csproj", "{9C82A90B-B7EC-4DBA-88CE-71246BAF62AC}"
EndProject
Project("{FAE04EC0-301F-11D3-BF4B-00C04F79EFBC}") = "Tyuiu.SmirnovaYV.Sprint1.Task0.V16.Lib", "Tyuiu.SmirnovaYV.Sprint1.Task0.V16.Lib\Tyuiu.SmirnovaYV.Sprint1.Task0.V16.Lib.csproj", "{0BAEAF0A-51C8-43F4-8180-B988773100AA}"
EndProject
Project("{2150E333-8FDC-42A3-9474-1A3956D46DE8}") = "Task1", "Task1", "{7EA61C5D-4BB8-4DE6-AAD4-D4868FC8DCEF}"
EndProject
Project("{FAE04EC0-301F-11D3-BF4B-00C04F79EFBC}") = "Tyuiu.SmirnovaYV.Sprint1.Task1.V20", "Tyuiu.SmirnovaYV.Sprint1.Task1.V20\Tyuiu.SmirnovaYV.Sprint1.Task1.V20.csproj", "{7FC378DA-81D9-4DA0-B74D-B273A1656BAE}"
EndProject
Project("{FAE04EC0-301F-11D3-BF4B-00C04F79EFBC}") = "Tyuiu.SmirnovaYV.Sprint1.Task1.V20.Lib", "Tyuiu.SmirnovaYV.Sprint1.Task1.V20.Lib\Tyuiu.SmirnovaYV.Sprint1.Task1.V20.Lib.csproj", "{1177D8DA-6B9C-4160-9B8A-6774EC53699D}"
EndProject
Project("{FAE04EC0-301F-11D3-BF4B-00C04F79EFBC}") = "Tyuiu.SmirnovaYV.Sprint1.Task1.V20.Test", "Tyuiu.SmirnovaYV.Sprint1.Task1.V20.Test\Tyuiu.SmirnovaYV.Sprint1.Task1.V20.Test.csproj", "{7FD4946A-1A56-4299-8F66-2A7A06144089}"
EndProject
Project("{2150E333-8FDC-42A3-9474-1A3956D46DE8}") = "Task2", "Task2", "{EE0D4EA0-47E9-47D8-B370-CFBC9F4004B3}"
EndProject
Project("{FAE04EC0-301F-11D3-BF4B-00C04F79EFBC}") = "Tyuiu.SmirnovaYV.Sprint1.Task2.V8", "Tyuiu.SmirnovaYV.Sprint1.Task2.V8\Tyuiu.SmirnovaYV.Sprint1.Task2.V8.csproj", "{0036DDD1-E9CE-4A97-876A-2BB85D4231E8}"
EndProject
Project("{FAE04EC0-301F-11D3-BF4B-00C04F79EFBC}") = "Tyuiu.SmirnovaYV.Sprint1.Task2.V8.Lib", "Tyuiu.SmirnovaYV.Sprint1.Task2.V8.Lib\Tyuiu.SmirnovaYV.Sprint1.Task2.V8.Lib.csproj", "{44CC2A47-3439-43E1-8D3C-40C964AAF12E}"
EndProject
Project("{FAE04EC0-301F-11D3-BF4B-00C04F79EFBC}") = "Tyuiu.SmirnovaYV.Sprint1.Task2.V8.Test", "Tyuiu.SmirnovaYV.Sprint1.Task2.V8.Test\Tyuiu.SmirnovaYV.Sprint1.Task2.V8.Test.csproj", "{12446E90-7BB2-4B4F-A071-DB68370FBC63}"
EndProject
Global
	GlobalSection(SolutionConfigurationPlatforms) = preSolution
		Debug|Any CPU = Debug|Any CPU
		Release|Any CPU = Release|Any CPU
	EndGlobalSection
	GlobalSection(ProjectConfigurationPlatforms) = postSolution
		{CE587CED-4585-427C-B830-714FBB0C3CB5}.Debug|Any CPU.ActiveCfg = Debug|Any CPU
		{CE587CED-4585-427C-B830-714FBB0C3CB5}.Debug|Any CPU.Build.0 = Debug|Any CPU
		{CE587CED-4585-427C-B830-714FBB0C3CB5}.Release|Any CPU.ActiveCfg = Release|Any CPU
		{CE587CED-4585-427C-B830-714FBB0C3CB5}.Release|Any CPU.Build.0 = Release|Any CPU
		{9C82A90B-B7EC-4DBA-88CE-71246BAF62AC}.Debug|Any CPU.ActiveCfg = Debug|Any CPU
		{9C82A90B-B7EC-4DBA-88CE-71246BAF62AC}.Debug|Any CPU.Build.0 = Debug|Any CPU
		{9C82A90B-B7EC-4DBA-88CE-71246BAF62AC}.Release|Any CPU.ActiveCfg = Release|Any CPU
		{9C82A90B-B7EC-4DBA-88CE-71246BAF62AC}.Release|Any CPU.Build.0 = Release|Any CPU
		{0BAEAF0A-51C8-43F4-8180-B988773100AA}.Debug|Any CPU.ActiveCfg = Debug|Any CPU
		{0BAEAF0A-51C8-43F4-8180-B988773100AA}.Debug|Any CPU.Build.0 = Debug|Any CPU
		{0BAEAF0A-51C8-43F4-8180-B988773100AA}.Release|Any CPU.ActiveCfg = Release|Any CPU
		{0BAEAF0A-51C8-43F4-8180-B988773100AA}.Release|Any CPU.Build.0 = Release|Any CPU
		{7FC378DA-81D9-4DA0-B74D-B273A1656BAE}.Debug|Any CPU.ActiveCfg = Debug|Any CPU
		{7FC378DA-81D9-4DA0-B74D-B273A1656BAE}.Debug|Any CPU.Build.0 = Debug|Any CPU
		{7FC378DA-81D9-4DA0-B74D-B273A1656BAE}.Release|Any CPU.ActiveCfg = Release|Any CPU
		{7FC378DA-81D9-4DA0-B74D-B273A1656BAE}.Release|Any CPU.Build.0 = Release|Any CPU
		{1177D8DA-6B9C-4160-9B8A-6774EC53699D}.Debug|Any CPU.ActiveCfg = Debug|Any CPU
		{1177D8DA-6B9C-4160-9B8A-6774EC53699D}.Debug|Any CPU.Build.0 = Debug|Any CPU
		{1177D8DA-6B9C-4160-9B8A-6774EC53699D}.Release|Any CPU.ActiveCfg = Release|Any CPU
		{1177D8DA-6B9C-4160-9B8A-6774EC53699D}.Release|Any CPU.Build.0 = Release|Any CPU
		{7FD4946A-1A56-4299-8F66-2A7A06144089}.Debug|Any CPU.ActiveCfg = Debug|Any CPU
		{7FD4946A-1A56-4299-8F66-2A7A06144089}.Debug|Any CPU.Build.0 = Debug|Any CPU
		{7FD4946A-1A56-4299-8F66-2A7A06144089}.Release|Any CPU.ActiveCfg = Release|Any CPU
		{7FD4946A-1A56-4299-8F66-2A7A06144089}.Release|Any CPU.Build.0 = Release|Any CPU
		{0036DDD1-E9CE-4A97-876A-2BB85D4231E8}.Debug|Any CPU.ActiveCfg = Debug|Any CPU
		{0036DDD1-E9CE-4A97-876A-2BB85D4231E8}.Debug|Any CPU.Build.0 = Debug|Any CPU
		{0036DDD1-E9CE-4A97-876A-2BB85D4231E8}.Release|Any CPU.ActiveCfg = Release|Any CPU
		{0036DDD1-E9CE-4A97-876A-2BB85D4231E8}.Release|Any CPU.Build.0 = Release|Any CPU
		{44CC2A47-3439-43E1-8D3C-40C964AAF12E}.Debug|Any CPU.ActiveCfg = Debug|Any CPU
		{44CC2A47-3439-43E1-8D3C-40C964AAF12E}.Debug|Any CPU.Build.0 = Debug|Any CPU
		{44CC2A47-3439-43E1-8D3C-40C964AAF12E}.Release|Any CPU.ActiveCfg = Release|Any CPU
		{44CC2A47-3439-43E1-8D3C-40C964AAF12E}.Release|Any CPU.Build.0 = Release|Any CPU
		{12446E90-7BB2-4B4F-A071-DB68370FBC63}.Debug|Any CPU.ActiveCfg = Debug|Any CPU
		{12446E90-7BB2-4B4F-A071-DB68370FBC63}.Debug|Any CPU.Build.0 = Debug|Any CPU
		{12446E90-7BB2-4B4F-A071-DB68370FBC63}.Release|Any CPU.ActiveCfg = Release|Any CPU
		{12446E90-7BB2-4B4F-A071-DB68370FBC63}.Release|Any CPU.Build.0 = Release|Any CPU
	EndGlobalSection
	GlobalSection(SolutionProperties) = preSolution
		HideSolutionNode = FALSE
	EndGlobalSection
	GlobalSection(NestedProjects) = preSolution
		{CE587CED-4585-427C-B830-714FBB0C3CB5} = {02EA681E-C7D8-13C7-8484-4AC65E1B71E8}
		{9C82A90B-B7EC-4DBA-88CE-71246BAF62AC} = {02EA681E-C7D8-13C7-8484-4AC65E1B71E8}
		{0BAEAF0A-51C8-43F4-8180-B988773100AA} = {02EA681E-C7D8-13C7-8484-4AC65E1B71E8}
		{7FC378DA-81D9-4DA0-B74D-B273A1656BAE} = {7EA61C5D-4BB8-4DE6-AAD4-D4868FC8DCEF}
		{1177D8DA-6B9C-4160-9B8A-6774EC53699D} = {7EA61C5D-4BB8-4DE6-AAD4-D4868FC8DCEF}
		{7FD4946A-1A56-4299-8F66-2A7A06144089} = {7EA61C5D-4BB8-4DE6-AAD4-D4868FC8DCEF}
		{0036DDD1-E9CE-4A97-876A-2BB85D4231E8} = {EE0D4EA0-47E9-47D8-B370-CFBC9F4004B3}
		{44CC2A47-3439-43E1-8D3C-40C964AAF12E} = {EE0D4EA0-47E9-47D8-B370-CFBC9F4004B3}
		{12446E90-7BB2-4B4F-A071-DB68370FBC63} = {EE0D4EA0-47E9-47D8-B370-CFBC9F4004B3}
	EndGlobalSection
	GlobalSection(ExtensibilityGlobals) = postSolution
		SolutionGuid = {2306B8C3-E612-474F-BF62-07A764F006CF}
	EndGlobalSection
EndGlobal
